
Microsoft Visual Studio Solution File, Format Version 12.00
# Visual Studio Version 16
VisualStudioVersion = 16.0.31729.503
MinimumVisualStudioVersion = 10.0.40219.1
Project("{FAE04EC0-301F-11D3-BF4B-00C04F79EFBC}") = "Database_Interface", "Database_Interface\Database_Interface.csproj", "{CAFEA95F-9A5E-4EE5-A447-911B47CFE721}"
EndProject
Global
	GlobalSection(SolutionConfigurationPlatforms) = preSolution
		Debug|Any CPU = Debug|Any CPU
		Release|Any CPU = Release|Any CPU
	EndGlobalSection
	GlobalSection(ProjectConfigurationPlatforms) = postSolution
		{CAFEA95F-9A5E-4EE5-A447-911B47CFE721}.Debug|Any CPU.ActiveCfg = Debug|Any CPU
		{CAFEA95F-9A5E-4EE5-A447-911B47CFE721}.Debug|Any CPU.Build.0 = Debug|Any CPU
		{CAFEA95F-9A5E-4EE5-A447-911B47CFE721}.Release|Any CPU.ActiveCfg = Release|Any CPU
		{CAFEA95F-9A5E-4EE5-A447-911B47CFE721}.Release|Any CPU.Build.0 = Release|Any CPU
	EndGlobalSection
	GlobalSection(SolutionProperties) = preSolution
		HideSolutionNode = FALSE
	EndGlobalSection
	GlobalSection(ExtensibilityGlobals) = postSolution
		SolutionGuid = {7A8738BE-230F-4F4E-B8A1-47E23775FA3B}
	EndGlobalSection
EndGlobal
